<?xml version="1.0" encoding="utf-8"?>
<Project ToolsVersion="4.0" xmlns="http://schemas.microsoft.com/developer/msbuild/2003">
  <ItemGroup>
    <Filter Include="ソース ファイル">
      <UniqueIdentifier>{4FC737F1-C7A5-4376-A066-2A32D752A2FF}</UniqueIdentifier>
      <Extensions>cpp;c;cc;cxx;c++;cppm;ixx;def;odl;idl;hpj;bat;asm;asmx</Extensions>
    </Filter>
    <Filter Include="リソース ファイル">
      <UniqueIdentifier>{67DA6AB6-F800-4c08-8B7A-83BB121AAD01}</UniqueIdentifier>
      <Extensions>rc;ico;cur;bmp;dlg;rc2;rct;bin;rgs;gif;jpg;jpeg;jpe;resx;tiff;tif;png;wav;mfcribbon-ms</Extensions>
    </Filter>
    <Filter Include="ヘッダー ファイル">
      <UniqueIdentifier>{93995380-89BD-4b04-88EB-625FBE52EBFB}</UniqueIdentifier>
      <Extensions>h;hh;hpp;hxx;h++;hm;inl;inc;ipp;xsd</Extensions>
    </Filter>
    <Filter Include="モジュール ファイル">
      <UniqueIdentifier>{5c4db145-fee7-40da-9d44-c11213054e0c}</UniqueIdentifier>
      <Extensions>ixx</Extensions>
    </Filter>
    <Filter Include="モジュールソース ファイル">
      <UniqueIdentifier>{6f39e6a2-ceb5-42c3-8d9e-75a533e2a900}</UniqueIdentifier>
      <Extensions>cpp</Extensions>
    </Filter>
    <Filter Include="モジュールソース ファイル\画像描画">
      <UniqueIdentifier>{a7c82c47-58c5-45ec-bad3-c3ff139d1931}</UniqueIdentifier>
    </Filter>
    <Filter Include="モジュール ファイル\画像描画">
      <UniqueIdentifier>{95f0803d-f7a7-49ee-bc7e-95a5ee684b92}</UniqueIdentifier>
    </Filter>
  </ItemGroup>
  <ItemGroup>
    <ClCompile Include="Create Module Project.cpp">
      <Filter>ソース ファイル</Filter>
    </ClCompile>
    <ClCompile Include="ImageCommon.ixx">
      <Filter>モジュール ファイル\画像描画</Filter>
    </ClCompile>
    <ClCompile Include="ImageCommon.cpp">
      <Filter>モジュールソース ファイル\画像描画</Filter>
    </ClCompile>
    <ClCompile Include="NoMoveBackGround.ixx">
      <Filter>モジュール ファイル\画像描画</Filter>
    </ClCompile>
    <ClCompile Include="NoMoveBackGround.cpp">
      <Filter>モジュールソース ファイル\画像描画</Filter>
    </ClCompile>
  </ItemGroup>
</Project>